// !$*UTF8*$!
{
	archiveVersion = 1;
	classes = {
	};
	objectVersion = 77;
	objects = {

/* Begin PBXBuildFile section */
		DF2D6C382E8A58D10045152C /* .gitignore in Resources */ = {isa = PBXBuildFile; fileRef = DF2D6C372E8A58D10045152C /* .gitignore */; };
		DF2D6CF02E8A5F5B0045152C /* KeychainSwift in Frameworks */ = {isa = PBXBuildFile; productRef = DF2D6CEF2E8A5F5B0045152C /* KeychainSwift */; };
		DF2D6CF32E8A5F660045152C /* Kingfisher in Frameworks */ = {isa = PBXBuildFile; productRef = DF2D6CF22E8A5F660045152C /* Kingfisher */; };
		DF2D6CF62E8A5F710045152C /* ReactorKit in Frameworks */ = {isa = PBXBuildFile; productRef = DF2D6CF52E8A5F710045152C /* ReactorKit */; };
		DF2D6CF92E8A5F880045152C /* RxCocoa in Frameworks */ = {isa = PBXBuildFile; productRef = DF2D6CF82E8A5F880045152C /* RxCocoa */; };
		DF2D6CFB2E8A5F880045152C /* RxRelay in Frameworks */ = {isa = PBXBuildFile; productRef = DF2D6CFA2E8A5F880045152C /* RxRelay */; };
		DF2D6CFD2E8A5F880045152C /* RxSwift in Frameworks */ = {isa = PBXBuildFile; productRef = DF2D6CFC2E8A5F880045152C /* RxSwift */; };
		DF2D6D002E8A5F950045152C /* SnapKit in Frameworks */ = {isa = PBXBuildFile; productRef = DF2D6CFF2E8A5F950045152C /* SnapKit */; };
		DF2D6D032E8A5FA20045152C /* Alamofire in Frameworks */ = {isa = PBXBuildFile; productRef = DF2D6D022E8A5FA20045152C /* Alamofire */; };
		DF2D6D062E8A5FAB0045152C /* Then in Frameworks */ = {isa = PBXBuildFile; productRef = DF2D6D052E8A5FAB0045152C /* Then */; };
		DF2D6D1B2E8A674B0045152C /* KakaoSDKAuth in Frameworks */ = {isa = PBXBuildFile; productRef = DF2D6D1A2E8A674B0045152C /* KakaoSDKAuth */; };
		DF2D6D1D2E8A674B0045152C /* KakaoSDKCommon in Frameworks */ = {isa = PBXBuildFile; productRef = DF2D6D1C2E8A674B0045152C /* KakaoSDKCommon */; };
		DF2D6D1F2E8A674B0045152C /* KakaoSDKUser in Frameworks */ = {isa = PBXBuildFile; productRef = DF2D6D1E2E8A674B0045152C /* KakaoSDKUser */; };
		DF9715EF2E90349F004FF049 /* Differentiator in Frameworks */ = {isa = PBXBuildFile; productRef = DF9715EE2E90349F004FF049 /* Differentiator */; };
		DF9715F12E90349F004FF049 /* RxDataSources in Frameworks */ = {isa = PBXBuildFile; productRef = DF9715F02E90349F004FF049 /* RxDataSources */; };
/* End PBXBuildFile section */

/* Begin PBXFileReference section */
		DF2D6C1F2E8A57AF0045152C /* Pickfit.app */ = {isa = PBXFileReference; explicitFileType = wrapper.application; includeInIndex = 0; path = Pickfit.app; sourceTree = BUILT_PRODUCTS_DIR; };
		DF2D6C372E8A58D10045152C /* .gitignore */ = {isa = PBXFileReference; lastKnownFileType = text; path = .gitignore; sourceTree = "<group>"; };
/* End PBXFileReference section */

/* Begin PBXFileSystemSynchronizedBuildFileExceptionSet section */
		DF2D6C312E8A57B10045152C /* Exceptions for "Pickfit" folder in "Pickfit" target */ = {
			isa = PBXFileSystemSynchronizedBuildFileExceptionSet;
			membershipExceptions = (
				App/Info.plist,
			);
			target = DF2D6C1E2E8A57AF0045152C /* Pickfit */;
		};
/* End PBXFileSystemSynchronizedBuildFileExceptionSet section */

/* Begin PBXFileSystemSynchronizedRootGroup section */
		DF2D6C212E8A57AF0045152C /* Pickfit */ = {
			isa = PBXFileSystemSynchronizedRootGroup;
			exceptions = (
				DF2D6C312E8A57B10045152C /* Exceptions for "Pickfit" folder in "Pickfit" target */,
			);
			path = Pickfit;
			sourceTree = "<group>";
		};
/* End PBXFileSystemSynchronizedRootGroup section */

/* Begin PBXFrameworksBuildPhase section */
		DF2D6C1C2E8A57AF0045152C /* Frameworks */ = {
			isa = PBXFrameworksBuildPhase;
			buildActionMask = 2147483647;
			files = (
				DF2D6CFB2E8A5F880045152C /* RxRelay in Frameworks */,
				DF9715EF2E90349F004FF049 /* Differentiator in Frameworks */,
				DF2D6D1D2E8A674B0045152C /* KakaoSDKCommon in Frameworks */,
				DF2D6D062E8A5FAB0045152C /* Then in Frameworks */,
				DF2D6D032E8A5FA20045152C /* Alamofire in Frameworks */,
				DF2D6D002E8A5F950045152C /* SnapKit in Frameworks */,
				DF2D6CF32E8A5F660045152C /* Kingfisher in Frameworks */,
				DF2D6CF02E8A5F5B0045152C /* KeychainSwift in Frameworks */,
				DF2D6CF92E8A5F880045152C /* RxCocoa in Frameworks */,
				DF2D6D1F2E8A674B0045152C /* KakaoSDKUser in Frameworks */,
				DF2D6CF62E8A5F710045152C /* ReactorKit in Frameworks */,
				DF9715F12E90349F004FF049 /* RxDataSources in Frameworks */,
				DF2D6CFD2E8A5F880045152C /* RxSwift in Frameworks */,
				DF2D6D1B2E8A674B0045152C /* KakaoSDKAuth in Frameworks */,
			);
			runOnlyForDeploymentPostprocessing = 0;
		};
/* End PBXFrameworksBuildPhase section */

/* Begin PBXGroup section */
		DF2D6C162E8A57AF0045152C = {
			isa = PBXGroup;
			children = (
				DF2D6C372E8A58D10045152C /* .gitignore */,
				DF2D6C212E8A57AF0045152C /* Pickfit */,
				DF2D6C202E8A57AF0045152C /* Products */,
			);
			sourceTree = "<group>";
		};
		DF2D6C202E8A57AF0045152C /* Products */ = {
			isa = PBXGroup;
			children = (
				DF2D6C1F2E8A57AF0045152C /* Pickfit.app */,
			);
			name = Products;
			sourceTree = "<group>";
		};
/* End PBXGroup section */

/* Begin PBXNativeTarget section */
		DF2D6C1E2E8A57AF0045152C /* Pickfit */ = {
			isa = PBXNativeTarget;
			buildConfigurationList = DF2D6C322E8A57B10045152C /* Build configuration list for PBXNativeTarget "Pickfit" */;
			buildPhases = (
				DF2D6C1B2E8A57AF0045152C /* Sources */,
				DF2D6C1C2E8A57AF0045152C /* Frameworks */,
				DF2D6C1D2E8A57AF0045152C /* Resources */,
			);
			buildRules = (
			);
			dependencies = (
			);
			fileSystemSynchronizedGroups = (
				DF2D6C212E8A57AF0045152C /* Pickfit */,
			);
			name = Pickfit;
			packageProductDependencies = (
				DF2D6CEF2E8A5F5B0045152C /* KeychainSwift */,
				DF2D6CF22E8A5F660045152C /* Kingfisher */,
				DF2D6CF52E8A5F710045152C /* ReactorKit */,
				DF2D6CF82E8A5F880045152C /* RxCocoa */,
				DF2D6CFA2E8A5F880045152C /* RxRelay */,
				DF2D6CFC2E8A5F880045152C /* RxSwift */,
				DF2D6CFF2E8A5F950045152C /* SnapKit */,
				DF2D6D022E8A5FA20045152C /* Alamofire */,
				DF2D6D052E8A5FAB0045152C /* Then */,
				DF2D6D1A2E8A674B0045152C /* KakaoSDKAuth */,
				DF2D6D1C2E8A674B0045152C /* KakaoSDKCommon */,
				DF2D6D1E2E8A674B0045152C /* KakaoSDKUser */,
				DF9715EE2E90349F004FF049 /* Differentiator */,
				DF9715F02E90349F004FF049 /* RxDataSources */,
			);
			productName = Pickfit;
			productReference = DF2D6C1F2E8A57AF0045152C /* Pickfit.app */;
			productType = "com.apple.product-type.application";
		};
/* End PBXNativeTarget section */

/* Begin PBXProject section */
		DF2D6C172E8A57AF0045152C /* Project object */ = {
			isa = PBXProject;
			attributes = {
				BuildIndependentTargetsInParallel = 1;
				LastSwiftUpdateCheck = 1600;
				LastUpgradeCheck = 1600;
				TargetAttributes = {
					DF2D6C1E2E8A57AF0045152C = {
						CreatedOnToolsVersion = 16.0;
					};
				};
			};
			buildConfigurationList = DF2D6C1A2E8A57AF0045152C /* Build configuration list for PBXProject "Pickfit" */;
			developmentRegion = en;
			hasScannedForEncodings = 0;
			knownRegions = (
				en,
				Base,
			);
			mainGroup = DF2D6C162E8A57AF0045152C;
			minimizedProjectReferenceProxies = 1;
			packageReferences = (
				DF2D6CEE2E8A5F5B0045152C /* XCRemoteSwiftPackageReference "keychain-swift" */,
				DF2D6CF12E8A5F660045152C /* XCRemoteSwiftPackageReference "Kingfisher" */,
				DF2D6CF42E8A5F710045152C /* XCRemoteSwiftPackageReference "ReactorKit" */,
				DF2D6CF72E8A5F880045152C /* XCRemoteSwiftPackageReference "RxSwift" */,
				DF2D6CFE2E8A5F950045152C /* XCRemoteSwiftPackageReference "SnapKit" */,
				DF2D6D012E8A5FA20045152C /* XCRemoteSwiftPackageReference "Alamofire" */,
				DF2D6D042E8A5FAB0045152C /* XCRemoteSwiftPackageReference "Then" */,
				DF2D6D192E8A674B0045152C /* XCRemoteSwiftPackageReference "kakao-ios-sdk" */,
				DF9715ED2E90349F004FF049 /* XCRemoteSwiftPackageReference "RxDataSources" */,
			);
			preferredProjectObjectVersion = 77;
			productRefGroup = DF2D6C202E8A57AF0045152C /* Products */;
			projectDirPath = "";
			projectRoot = "";
			targets = (
				DF2D6C1E2E8A57AF0045152C /* Pickfit */,
			);
		};
/* End PBXProject section */

/* Begin PBXResourcesBuildPhase section */
		DF2D6C1D2E8A57AF0045152C /* Resources */ = {
			isa = PBXResourcesBuildPhase;
			buildActionMask = 2147483647;
			files = (
				DF2D6C382E8A58D10045152C /* .gitignore in Resources */,
			);
			runOnlyForDeploymentPostprocessing = 0;
		};
/* End PBXResourcesBuildPhase section */

/* Begin PBXSourcesBuildPhase section */
		DF2D6C1B2E8A57AF0045152C /* Sources */ = {
			isa = PBXSourcesBuildPhase;
			buildActionMask = 2147483647;
			files = (
			);
			runOnlyForDeploymentPostprocessing = 0;
		};
/* End PBXSourcesBuildPhase section */

/* Begin XCBuildConfiguration section */
		DF2D6C332E8A57B10045152C /* Debug */ = {
			isa = XCBuildConfiguration;
			buildSettings = {
				ASSETCATALOG_COMPILER_APPICON_NAME = AppIcon;
				ASSETCATALOG_COMPILER_GLOBAL_ACCENT_COLOR_NAME = AccentColor;
				CODE_SIGN_STYLE = Automatic;
				CURRENT_PROJECT_VERSION = 1;
				DEVELOPMENT_TEAM = QQ67S8HZ4F;
				GENERATE_INFOPLIST_FILE = YES;
				INFOPLIST_FILE = Pickfit/App/Info.plist;
				INFOPLIST_KEY_UIApplicationSupportsIndirectInputEvents = YES;
				INFOPLIST_KEY_UILaunchStoryboardName = LaunchScreen;
				INFOPLIST_KEY_UISupportedInterfaceOrientations = UIInterfaceOrientationPortrait;
				INFOPLIST_KEY_UISupportedInterfaceOrientations_iPad = "UIInterfaceOrientationLandscapeLeft UIInterfaceOrientationLandscapeRight UIInterfaceOrientationPortrait UIInterfaceOrientationPortraitUpsideDown";
				IPHONEOS_DEPLOYMENT_TARGET = 16.0;
				LD_RUNPATH_SEARCH_PATHS = (
					"$(inherited)",
					"@executable_path/Frameworks",
				);
				MARKETING_VERSION = 1.0;
				PRODUCT_BUNDLE_IDENTIFIER = melon.Pickfit;
				PRODUCT_NAME = "$(TARGET_NAME)";
				SUPPORTED_PLATFORMS = "iphoneos iphonesimulator";
				SUPPORTS_MACCATALYST = NO;
				SUPPORTS_MAC_DESIGNED_FOR_IPHONE_IPAD = NO;
				SUPPORTS_XR_DESIGNED_FOR_IPHONE_IPAD = NO;
				SWIFT_EMIT_LOC_STRINGS = YES;
				SWIFT_VERSION = 5.0;
				TARGETED_DEVICE_FAMILY = 1;
			};
			name = Debug;
		};
		DF2D6C342E8A57B10045152C /* Release */ = {
			isa = XCBuildConfiguration;
			buildSettings = {
				ASSETCATALOG_COMPILER_APPICON_NAME = AppIcon;
				ASSETCATALOG_COMPILER_GLOBAL_ACCENT_COLOR_NAME = AccentColor;
				CODE_SIGN_STYLE = Automatic;
				CURRENT_PROJECT_VERSION = 1;
				DEVELOPMENT_TEAM = QQ67S8HZ4F;
				GENERATE_INFOPLIST_FILE = YES;
				INFOPLIST_FILE = Pickfit/App/Info.plist;
				INFOPLIST_KEY_UIApplicationSupportsIndirectInputEvents = YES;
				INFOPLIST_KEY_UILaunchStoryboardName = LaunchScreen;
				INFOPLIST_KEY_UISupportedInterfaceOrientations = UIInterfaceOrientationPortrait;
				INFOPLIST_KEY_UISupportedInterfaceOrientations_iPad = "UIInterfaceOrientationLandscapeLeft UIInterfaceOrientationLandscapeRight UIInterfaceOrientationPortrait UIInterfaceOrientationPortraitUpsideDown";
				IPHONEOS_DEPLOYMENT_TARGET = 16.0;
				LD_RUNPATH_SEARCH_PATHS = (
					"$(inherited)",
					"@executable_path/Frameworks",
				);
				MARKETING_VERSION = 1.0;
				PRODUCT_BUNDLE_IDENTIFIER = melon.Pickfit;
				PRODUCT_NAME = "$(TARGET_NAME)";
				SUPPORTED_PLATFORMS = "iphoneos iphonesimulator";
				SUPPORTS_MACCATALYST = NO;
				SUPPORTS_MAC_DESIGNED_FOR_IPHONE_IPAD = NO;
				SUPPORTS_XR_DESIGNED_FOR_IPHONE_IPAD = NO;
				SWIFT_EMIT_LOC_STRINGS = YES;
				SWIFT_VERSION = 5.0;
				TARGETED_DEVICE_FAMILY = 1;
			};
			name = Release;
		};
		DF2D6C352E8A57B10045152C /* Debug */ = {
			isa = XCBuildConfiguration;
			buildSettings = {
				ALWAYS_SEARCH_USER_PATHS = NO;
				ASSETCATALOG_COMPILER_GENERATE_SWIFT_ASSET_SYMBOL_EXTENSIONS = YES;
				CLANG_ANALYZER_NONNULL = YES;
				CLANG_ANALYZER_NUMBER_OBJECT_CONVERSION = YES_AGGRESSIVE;
				CLANG_CXX_LANGUAGE_STANDARD = "gnu++20";
				CLANG_ENABLE_MODULES = YES;
				CLANG_ENABLE_OBJC_ARC = YES;
				CLANG_ENABLE_OBJC_WEAK = YES;
				CLANG_WARN_BLOCK_CAPTURE_AUTORELEASING = YES;
				CLANG_WARN_BOOL_CONVERSION = YES;
				CLANG_WARN_COMMA = YES;
				CLANG_WARN_CONSTANT_CONVERSION = YES;
				CLANG_WARN_DEPRECATED_OBJC_IMPLEMENTATIONS = YES;
				CLANG_WARN_DIRECT_OBJC_ISA_USAGE = YES_ERROR;
				CLANG_WARN_DOCUMENTATION_COMMENTS = YES;
				CLANG_WARN_EMPTY_BODY = YES;
				CLANG_WARN_ENUM_CONVERSION = YES;
				CLANG_WARN_INFINITE_RECURSION = YES;
				CLANG_WARN_INT_CONVERSION = YES;
				CLANG_WARN_NON_LITERAL_NULL_CONVERSION = YES;
				CLANG_WARN_OBJC_IMPLICIT_RETAIN_SELF = YES;
				CLANG_WARN_OBJC_LITERAL_CONVERSION = YES;
				CLANG_WARN_OBJC_ROOT_CLASS = YES_ERROR;
				CLANG_WARN_QUOTED_INCLUDE_IN_FRAMEWORK_HEADER = YES;
				CLANG_WARN_RANGE_LOOP_ANALYSIS = YES;
				CLANG_WARN_STRICT_PROTOTYPES = YES;
				CLANG_WARN_SUSPICIOUS_MOVE = YES;
				CLANG_WARN_UNGUARDED_AVAILABILITY = YES_AGGRESSIVE;
				CLANG_WARN_UNREACHABLE_CODE = YES;
				CLANG_WARN__DUPLICATE_METHOD_MATCH = YES;
				COPY_PHASE_STRIP = NO;
				DEBUG_INFORMATION_FORMAT = dwarf;
				ENABLE_STRICT_OBJC_MSGSEND = YES;
				ENABLE_TESTABILITY = YES;
				ENABLE_USER_SCRIPT_SANDBOXING = YES;
				GCC_C_LANGUAGE_STANDARD = gnu17;
				GCC_DYNAMIC_NO_PIC = NO;
				GCC_NO_COMMON_BLOCKS = YES;
				GCC_OPTIMIZATION_LEVEL = 0;
				GCC_PREPROCESSOR_DEFINITIONS = (
					"DEBUG=1",
					"$(inherited)",
				);
				GCC_WARN_64_TO_32_BIT_CONVERSION = YES;
				GCC_WARN_ABOUT_RETURN_TYPE = YES_ERROR;
				GCC_WARN_UNDECLARED_SELECTOR = YES;
				GCC_WARN_UNINITIALIZED_AUTOS = YES_AGGRESSIVE;
				GCC_WARN_UNUSED_FUNCTION = YES;
				GCC_WARN_UNUSED_VARIABLE = YES;
				IPHONEOS_DEPLOYMENT_TARGET = 18.0;
				LOCALIZATION_PREFERS_STRING_CATALOGS = YES;
				MTL_ENABLE_DEBUG_INFO = INCLUDE_SOURCE;
				MTL_FAST_MATH = YES;
				ONLY_ACTIVE_ARCH = YES;
				SDKROOT = iphoneos;
				SWIFT_ACTIVE_COMPILATION_CONDITIONS = "DEBUG $(inherited)";
				SWIFT_OPTIMIZATION_LEVEL = "-Onone";
			};
			name = Debug;
		};
		DF2D6C362E8A57B10045152C /* Release */ = {
			isa = XCBuildConfiguration;
			buildSettings = {
				ALWAYS_SEARCH_USER_PATHS = NO;
				ASSETCATALOG_COMPILER_GENERATE_SWIFT_ASSET_SYMBOL_EXTENSIONS = YES;
				CLANG_ANALYZER_NONNULL = YES;
				CLANG_ANALYZER_NUMBER_OBJECT_CONVERSION = YES_AGGRESSIVE;
				CLANG_CXX_LANGUAGE_STANDARD = "gnu++20";
				CLANG_ENABLE_MODULES = YES;
				CLANG_ENABLE_OBJC_ARC = YES;
				CLANG_ENABLE_OBJC_WEAK = YES;
				CLANG_WARN_BLOCK_CAPTURE_AUTORELEASING = YES;
				CLANG_WARN_BOOL_CONVERSION = YES;
				CLANG_WARN_COMMA = YES;
				CLANG_WARN_CONSTANT_CONVERSION = YES;
				CLANG_WARN_DEPRECATED_OBJC_IMPLEMENTATIONS = YES;
				CLANG_WARN_DIRECT_OBJC_ISA_USAGE = YES_ERROR;
				CLANG_WARN_DOCUMENTATION_COMMENTS = YES;
				CLANG_WARN_EMPTY_BODY = YES;
				CLANG_WARN_ENUM_CONVERSION = YES;
				CLANG_WARN_INFINITE_RECURSION = YES;
				CLANG_WARN_INT_CONVERSION = YES;
				CLANG_WARN_NON_LITERAL_NULL_CONVERSION = YES;
				CLANG_WARN_OBJC_IMPLICIT_RETAIN_SELF = YES;
				CLANG_WARN_OBJC_LITERAL_CONVERSION = YES;
				CLANG_WARN_OBJC_ROOT_CLASS = YES_ERROR;
				CLANG_WARN_QUOTED_INCLUDE_IN_FRAMEWORK_HEADER = YES;
				CLANG_WARN_RANGE_LOOP_ANALYSIS = YES;
				CLANG_WARN_STRICT_PROTOTYPES = YES;
				CLANG_WARN_SUSPICIOUS_MOVE = YES;
				CLANG_WARN_UNGUARDED_AVAILABILITY = YES_AGGRESSIVE;
				CLANG_WARN_UNREACHABLE_CODE = YES;
				CLANG_WARN__DUPLICATE_METHOD_MATCH = YES;
				COPY_PHASE_STRIP = NO;
				DEBUG_INFORMATION_FORMAT = "dwarf-with-dsym";
				ENABLE_NS_ASSERTIONS = NO;
				ENABLE_STRICT_OBJC_MSGSEND = YES;
				ENABLE_USER_SCRIPT_SANDBOXING = YES;
				GCC_C_LANGUAGE_STANDARD = gnu17;
				GCC_NO_COMMON_BLOCKS = YES;
				GCC_WARN_64_TO_32_BIT_CONVERSION = YES;
				GCC_WARN_ABOUT_RETURN_TYPE = YES_ERROR;
				GCC_WARN_UNDECLARED_SELECTOR = YES;
				GCC_WARN_UNINITIALIZED_AUTOS = YES_AGGRESSIVE;
				GCC_WARN_UNUSED_FUNCTION = YES;
				GCC_WARN_UNUSED_VARIABLE = YES;
				IPHONEOS_DEPLOYMENT_TARGET = 18.0;
				LOCALIZATION_PREFERS_STRING_CATALOGS = YES;
				MTL_ENABLE_DEBUG_INFO = NO;
				MTL_FAST_MATH = YES;
				SDKROOT = iphoneos;
				SWIFT_COMPILATION_MODE = wholemodule;
				VALIDATE_PRODUCT = YES;
			};
			name = Release;
		};
/* End XCBuildConfiguration section */

/* Begin XCConfigurationList section */
		DF2D6C1A2E8A57AF0045152C /* Build configuration list for PBXProject "Pickfit" */ = {
			isa = XCConfigurationList;
			buildConfigurations = (
				DF2D6C352E8A57B10045152C /* Debug */,
				DF2D6C362E8A57B10045152C /* Release */,
			);
			defaultConfigurationIsVisible = 0;
			defaultConfigurationName = Release;
		};
		DF2D6C322E8A57B10045152C /* Build configuration list for PBXNativeTarget "Pickfit" */ = {
			isa = XCConfigurationList;
			buildConfigurations = (
				DF2D6C332E8A57B10045152C /* Debug */,
				DF2D6C342E8A57B10045152C /* Release */,
			);
			defaultConfigurationIsVisible = 0;
			defaultConfigurationName = Release;
		};
/* End XCConfigurationList section */

/* Begin XCRemoteSwiftPackageReference section */
		DF2D6CEE2E8A5F5B0045152C /* XCRemoteSwiftPackageReference "keychain-swift" */ = {
			isa = XCRemoteSwiftPackageReference;
			repositoryURL = "https://github.com/evgenyneu/keychain-swift.git";
			requirement = {
				kind = upToNextMajorVersion;
				minimumVersion = 24.0.0;
			};
		};
		DF2D6CF12E8A5F660045152C /* XCRemoteSwiftPackageReference "Kingfisher" */ = {
			isa = XCRemoteSwiftPackageReference;
			repositoryURL = "https://github.com/onevcat/Kingfisher.git";
			requirement = {
				kind = upToNextMajorVersion;
				minimumVersion = 8.5.0;
			};
		};
		DF2D6CF42E8A5F710045152C /* XCRemoteSwiftPackageReference "ReactorKit" */ = {
			isa = XCRemoteSwiftPackageReference;
			repositoryURL = "https://github.com/ReactorKit/ReactorKit.git";
			requirement = {
				kind = upToNextMajorVersion;
				minimumVersion = 3.2.0;
			};
		};
		DF2D6CF72E8A5F880045152C /* XCRemoteSwiftPackageReference "RxSwift" */ = {
			isa = XCRemoteSwiftPackageReference;
			repositoryURL = "https://github.com/ReactiveX/RxSwift.git";
			requirement = {
				kind = upToNextMajorVersion;
				minimumVersion = 6.9.0;
			};
		};
		DF2D6CFE2E8A5F950045152C /* XCRemoteSwiftPackageReference "SnapKit" */ = {
			isa = XCRemoteSwiftPackageReference;
			repositoryURL = "https://github.com/SnapKit/SnapKit.git";
			requirement = {
				kind = upToNextMajorVersion;
				minimumVersion = 5.7.1;
			};
		};
		DF2D6D012E8A5FA20045152C /* XCRemoteSwiftPackageReference "Alamofire" */ = {
			isa = XCRemoteSwiftPackageReference;
			repositoryURL = "https://github.com/Alamofire/Alamofire.git";
			requirement = {
				kind = upToNextMajorVersion;
				minimumVersion = 5.10.2;
			};
		};
		DF2D6D042E8A5FAB0045152C /* XCRemoteSwiftPackageReference "Then" */ = {
			isa = XCRemoteSwiftPackageReference;
			repositoryURL = "https://github.com/devxoul/Then.git";
			requirement = {
				kind = upToNextMajorVersion;
				minimumVersion = 3.0.0;
			};
		};
		DF2D6D192E8A674B0045152C /* XCRemoteSwiftPackageReference "kakao-ios-sdk" */ = {
			isa = XCRemoteSwiftPackageReference;
			repositoryURL = "https://github.com/kakao/kakao-ios-sdk";
			requirement = {
				branch = master;
				kind = branch;
			};
		};
		DF9715ED2E90349F004FF049 /* XCRemoteSwiftPackageReference "RxDataSources" */ = {
			isa = XCRemoteSwiftPackageReference;
			repositoryURL = "https://github.com/RxSwiftCommunity/RxDataSources.git";
			requirement = {
				kind = upToNextMajorVersion;
				minimumVersion = 5.0.2;
			};
		};
/* End XCRemoteSwiftPackageReference section */

/* Begin XCSwiftPackageProductDependency section */
		DF2D6CEF2E8A5F5B0045152C /* KeychainSwift */ = {
			isa = XCSwiftPackageProductDependency;
			package = DF2D6CEE2E8A5F5B0045152C /* XCRemoteSwiftPackageReference "keychain-swift" */;
			productName = KeychainSwift;
		};
		DF2D6CF22E8A5F660045152C /* Kingfisher */ = {
			isa = XCSwiftPackageProductDependency;
			package = DF2D6CF12E8A5F660045152C /* XCRemoteSwiftPackageReference "Kingfisher" */;
			productName = Kingfisher;
		};
		DF2D6CF52E8A5F710045152C /* ReactorKit */ = {
			isa = XCSwiftPackageProductDependency;
			package = DF2D6CF42E8A5F710045152C /* XCRemoteSwiftPackageReference "ReactorKit" */;
			productName = ReactorKit;
		};
		DF2D6CF82E8A5F880045152C /* RxCocoa */ = {
			isa = XCSwiftPackageProductDependency;
			package = DF2D6CF72E8A5F880045152C /* XCRemoteSwiftPackageReference "RxSwift" */;
			productName = RxCocoa;
		};
		DF2D6CFA2E8A5F880045152C /* RxRelay */ = {
			isa = XCSwiftPackageProductDependency;
			package = DF2D6CF72E8A5F880045152C /* XCRemoteSwiftPackageReference "RxSwift" */;
			productName = RxRelay;
		};
		DF2D6CFC2E8A5F880045152C /* RxSwift */ = {
			isa = XCSwiftPackageProductDependency;
			package = DF2D6CF72E8A5F880045152C /* XCRemoteSwiftPackageReference "RxSwift" */;
			productName = RxSwift;
		};
		DF2D6CFF2E8A5F950045152C /* SnapKit */ = {
			isa = XCSwiftPackageProductDependency;
			package = DF2D6CFE2E8A5F950045152C /* XCRemoteSwiftPackageReference "SnapKit" */;
			productName = SnapKit;
		};
		DF2D6D022E8A5FA20045152C /* Alamofire */ = {
			isa = XCSwiftPackageProductDependency;
			package = DF2D6D012E8A5FA20045152C /* XCRemoteSwiftPackageReference "Alamofire" */;
			productName = Alamofire;
		};
		DF2D6D052E8A5FAB0045152C /* Then */ = {
			isa = XCSwiftPackageProductDependency;
			package = DF2D6D042E8A5FAB0045152C /* XCRemoteSwiftPackageReference "Then" */;
			productName = Then;
		};
		DF2D6D1A2E8A674B0045152C /* KakaoSDKAuth */ = {
			isa = XCSwiftPackageProductDependency;
			package = DF2D6D192E8A674B0045152C /* XCRemoteSwiftPackageReference "kakao-ios-sdk" */;
			productName = KakaoSDKAuth;
		};
		DF2D6D1C2E8A674B0045152C /* KakaoSDKCommon */ = {
			isa = XCSwiftPackageProductDependency;
			package = DF2D6D192E8A674B0045152C /* XCRemoteSwiftPackageReference "kakao-ios-sdk" */;
			productName = KakaoSDKCommon;
		};
		DF2D6D1E2E8A674B0045152C /* KakaoSDKUser */ = {
			isa = XCSwiftPackageProductDependency;
			package = DF2D6D192E8A674B0045152C /* XCRemoteSwiftPackageReference "kakao-ios-sdk" */;
			productName = KakaoSDKUser;
		};
		DF9715EE2E90349F004FF049 /* Differentiator */ = {
			isa = XCSwiftPackageProductDependency;
			package = DF9715ED2E90349F004FF049 /* XCRemoteSwiftPackageReference "RxDataSources" */;
			productName = Differentiator;
		};
		DF9715F02E90349F004FF049 /* RxDataSources */ = {
			isa = XCSwiftPackageProductDependency;
			package = DF9715ED2E90349F004FF049 /* XCRemoteSwiftPackageReference "RxDataSources" */;
			productName = RxDataSources;
		};
/* End XCSwiftPackageProductDependency section */
	};
	rootObject = DF2D6C172E8A57AF0045152C /* Project object */;
}
